[[package]]
name = "advent-of-code-data"
version = "2.0.1"
requires_python = ">=3.9"
summary = "Get your puzzle data with a single import"
dependencies = [
    "aocd-example-parser>=2023.2",
    "beautifulsoup4",
    "pebble",
    "tzdata; platform_system == \"Windows\"",
    "urllib3",
]

[[package]]
name = "aocd-example-parser"
version = "2023.2"
requires_python = ">=3.9"
summary = "Implementation of example parser plugins for advent-of-code-data"

[[package]]
name = "beautifulsoup4"
version = "4.12.2"
requires_python = ">=3.6.0"
summary = "Screen-scraping library"
dependencies = [
    "soupsieve>1.2",
]

[[package]]
name = "more-itertools"
version = "10.1.0"
requires_python = ">=3.8"
summary = "More routines for operating on iterables, beyond itertools"

[[package]]
name = "networkx"
version = "3.2.1"
requires_python = ">=3.9"
summary = "Python package for creating and manipulating graphs and networks"

[[package]]
name = "numpy"
version = "1.26.2"
requires_python = ">=3.9"
summary = "Fundamental package for array computing in Python"

[[package]]
name = "parse"
version = "1.20.0"
summary = "parse() is the opposite of format()"

[[package]]
name = "pebble"
version = "5.0.4"
requires_python = ">=3.6"
summary = "Threading and multiprocessing eye-candy."

[[package]]
name = "setuptools"
version = "69.0.2"
requires_python = ">=3.8"
summary = "Easily download, build, install, upgrade, and uninstall Python packages"

[[package]]
name = "soupsieve"
version = "2.5"
requires_python = ">=3.8"
summary = "A modern CSS selector implementation for Beautiful Soup."

[[package]]
name = "tzdata"
version = "2023.3"
requires_python = ">=2"
summary = "Provider of IANA time zone data"

[[package]]
name = "urllib3"
version = "2.1.0"
requires_python = ">=3.8"
summary = "HTTP library with thread-safe connection pooling, file post, and more."

[metadata]
lock_version = "4.0"
content_hash = "sha256:f9d965d916bd8c69cd201d8b77ef8604589fd438da113c05f6e1d5a109961e36"

[metadata.files]
"advent-of-code-data 2.0.1" = [
    {url = "https://files.pythonhosted.org/packages/1e/5b/ad4e02dbdadebdb27272333f30c6762989b7733b40d77a5dcb7cb5d71707/advent-of-code-data-2.0.1.tar.gz", hash = "sha256:b5f5fd84a25124633a444916a9ac8a424e8cbd7f346a68ccb34dc1f3460d2b9e"},
    {url = "https://files.pythonhosted.org/packages/38/7b/f8f12f28cc6e462de084f1d8f1905bc8db524a1e9ead90d0a59bdcb06bbb/advent_of_code_data-2.0.1-py3-none-any.whl", hash = "sha256:a9ab6dcd1c39df17b7b33e7f2baa187d85c89c59f4ad15cfdbc00e18144251ad"},
]
"aocd-example-parser 2023.2" = [
    {url = "https://files.pythonhosted.org/packages/3e/a0/2f2740c70819087d2b1ce93117f503f124b039e9e2cf243a4ddba8450582/aocd_example_parser-2023.2.tar.gz", hash = "sha256:8fb225ec31f423f85cbcf6f7b92c0a5873b3108f83e645d67b10006fd8773a8e"},
    {url = "https://files.pythonhosted.org/packages/80/96/1be908a4b83985a720c0724509b0d4c9c363c1fa75a35a75dc119a1ce0a7/aocd_example_parser-2023.2-py3-none-any.whl", hash = "sha256:7baabde61727c73a5a8fe5f5d578f095ddcb7fe6fdaabdacc79343293be86320"},
]
"beautifulsoup4 4.12.2" = [
    {url = "https://files.pythonhosted.org/packages/57/f4/a69c20ee4f660081a7dedb1ac57f29be9378e04edfcb90c526b923d4bebc/beautifulsoup4-4.12.2-py3-none-any.whl", hash = "sha256:bd2520ca0d9d7d12694a53d44ac482d181b4ec1888909b035a3dbf40d0f57d4a"},
    {url = "https://files.pythonhosted.org/packages/af/0b/44c39cf3b18a9280950ad63a579ce395dda4c32193ee9da7ff0aed547094/beautifulsoup4-4.12.2.tar.gz", hash = "sha256:492bbc69dca35d12daac71c4db1bfff0c876c00ef4a2ffacce226d4638eb72da"},
]
"more-itertools 10.1.0" = [
    {url = "https://files.pythonhosted.org/packages/2d/73/3557e45746fcaded71125c0a1c0f87616e8258c78391f0c365bf97bbfc99/more-itertools-10.1.0.tar.gz", hash = "sha256:626c369fa0eb37bac0291bce8259b332fd59ac792fa5497b59837309cd5b114a"},
    {url = "https://files.pythonhosted.org/packages/5a/cb/6dce742ea14e47d6f565589e859ad225f2a5de576d7696e0623b784e226b/more_itertools-10.1.0-py3-none-any.whl", hash = "sha256:64e0735fcfdc6f3464ea133afe8ea4483b1c5fe3a3d69852e6503b43a0b222e6"},
]
"networkx 3.2.1" = [
    {url = "https://files.pythonhosted.org/packages/c4/80/a84676339aaae2f1cfdf9f418701dd634aef9cc76f708ef55c36ff39c3ca/networkx-3.2.1.tar.gz", hash = "sha256:9f1bb5cf3409bf324e0a722c20bdb4c20ee39bf1c30ce8ae499c8502b0b5e0c6"},
    {url = "https://files.pythonhosted.org/packages/d5/f0/8fbc882ca80cf077f1b246c0e3c3465f7f415439bdea6b899f6b19f61f70/networkx-3.2.1-py3-none-any.whl", hash = "sha256:f18c69adc97877c42332c170849c96cefa91881c99a7cb3e95b7c659ebdc1ec2"},
]
"numpy 1.26.2" = [
    {url = "https://files.pythonhosted.org/packages/02/51/f078f1e7f658022150e7c8d5f99d505b40812840349d54667f98bb915b26/numpy-1.26.2-cp312-cp312-musllinux_1_1_aarch64.whl", hash = "sha256:174a8880739c16c925799c018f3f55b8130c1f7c8e75ab0a6fa9d41cab092fd6"},
    {url = "https://files.pythonhosted.org/packages/04/89/3b831e2b50c9364069609d1335f46c488a149d5f2be14a08741c92a60009/numpy-1.26.2-cp312-cp312-manylinux_2_17_x86_64.manylinux2014_x86_64.whl", hash = "sha256:aa317b2325f7aa0a9471663e6093c210cb2ae9c0ad824732b307d2c51983d5b6"},
    {url = "https://files.pythonhosted.org/packages/07/34/748ec8c81235277f62cc04488052fe28b8b69280e7275bbb8dc143cd7791/numpy-1.26.2-cp39-cp39-win_amd64.whl", hash = "sha256:2beef57fb031dcc0dc8fa4fe297a742027b954949cabb52a2a376c144e5e6060"},
    {url = "https://files.pythonhosted.org/packages/15/b7/a7acec96d8c58bf40a24c9fccce988a819840692762e16bf1fc256e1c26a/numpy-1.26.2-cp310-cp310-win32.whl", hash = "sha256:22f8fc02fdbc829e7a8c578dd8d2e15a9074b630d4da29cda483337e300e3ee9"},
    {url = "https://files.pythonhosted.org/packages/20/be/46eed58d8ca60cfd0c4f3c6db3db79955f6de7d434db0f49fed2f817a6a4/numpy-1.26.2-cp39-cp39-macosx_11_0_arm64.whl", hash = "sha256:1a13860fdcd95de7cf58bd6f8bc5a5ef81c0b0625eb2c9a783948847abbef2c2"},
    {url = "https://files.pythonhosted.org/packages/21/17/f9ab7b9f3b46c7d6b024d129259fd5d276aed9047e424537c48ca2e43339/numpy-1.26.2-cp311-cp311-musllinux_1_1_x86_64.whl", hash = "sha256:f43740ab089277d403aa07567be138fc2a89d4d9892d113b76153e0e412409f8"},
    {url = "https://files.pythonhosted.org/packages/24/b5/fed6f7e582937eb947369dccf6c94602598a25f23e482d1b1f2299159328/numpy-1.26.2-cp310-cp310-win_amd64.whl", hash = "sha256:26c9d33f8e8b846d5a65dd068c14e04018d05533b348d9eaeef6c1bd787f9919"},
    {url = "https://files.pythonhosted.org/packages/28/75/3b679b41713bb60e2e8f6e2f87be72c971c9e718b1c17b8f8749240ddca8/numpy-1.26.2-cp312-cp312-win_amd64.whl", hash = "sha256:b04f5dc6b3efdaab541f7857351aac359e6ae3c126e2edb376929bd3b7f92d7e"},
    {url = "https://files.pythonhosted.org/packages/2a/17/1fdc154e75d24d8c20c42b71bae1b5cf752453f0fc3a2504bbb810293dd1/numpy-1.26.2-cp312-cp312-macosx_11_0_arm64.whl", hash = "sha256:5d5244aabd6ed7f312268b9247be47343a654ebea52a60f002dc70c769048e75"},
    {url = "https://files.pythonhosted.org/packages/2e/54/218ce51bb571a70975f223671b2a86aa951e83abfd2a416a3d540f35115c/numpy-1.26.2-cp311-cp311-macosx_11_0_arm64.whl", hash = "sha256:aa18428111fb9a591d7a9cc1b48150097ba6a7e8299fb56bdf574df650e7d1f1"},
    {url = "https://files.pythonhosted.org/packages/2f/75/f007cc0e6a373207818bef17f463d3305e9dd380a70db0e523e7660bf21f/numpy-1.26.2-cp39-cp39-manylinux_2_17_x86_64.manylinux2014_x86_64.whl", hash = "sha256:baf8aab04a2c0e859da118f0b38617e5ee65d75b83795055fb66c0d5e9e9b818"},
    {url = "https://files.pythonhosted.org/packages/2f/ac/be1f2767b7222347d2fefc18d8d58e9febfd9919190cc6fbd8a4d22d6eab/numpy-1.26.2-cp310-cp310-macosx_11_0_arm64.whl", hash = "sha256:cc392fdcbd21d4be6ae1bb4475a03ce3b025cd49a9be5345d76d7585aea69440"},
    {url = "https://files.pythonhosted.org/packages/37/65/40ed08f156264e02cc2362ed194bc84daed61d8d2bc6b0ed45cfe024964f/numpy-1.26.2-cp39-cp39-manylinux_2_17_aarch64.manylinux2014_aarch64.whl", hash = "sha256:64308ebc366a8ed63fd0bf426b6a9468060962f1a4339ab1074c228fa6ade8e3"},
    {url = "https://files.pythonhosted.org/packages/38/39/f726e49ca91cbc336ff297d458dd20b4db2a4204198b075b7f7cc3d3c0ba/numpy-1.26.2-cp310-cp310-manylinux_2_17_aarch64.manylinux2014_aarch64.whl", hash = "sha256:36340109af8da8805d8851ef1d74761b3b88e81a9bd80b290bbfed61bd2b4f75"},
    {url = "https://files.pythonhosted.org/packages/51/3b/2ba379bf754f13041e3d8b994394e78c69cdb9d1e5dd1dba9404b24afbdf/numpy-1.26.2-cp311-cp311-macosx_10_9_x86_64.whl", hash = "sha256:b96e7b9c624ef3ae2ae0e04fa9b460f6b9f17ad8b4bec6d7756510f1f6c0c841"},
    {url = "https://files.pythonhosted.org/packages/51/7d/6181c8778cdb15ba0a4959bb72dcc1854c89ca4824481f224c6faf7024e1/numpy-1.26.2-cp312-cp312-win32.whl", hash = "sha256:4a06263321dfd3598cacb252f51e521a8cb4b6df471bb12a7ee5cbab20ea9167"},
    {url = "https://files.pythonhosted.org/packages/62/b2/b11cde3447d5e6dfbfe0713ecd10760945584632969a15ce2177d37df982/numpy-1.26.2-pp39-pypy39_pp73-win_amd64.whl", hash = "sha256:fe6b44fb8fcdf7eda4ef4461b97b3f63c466b27ab151bec2366db8b197387841"},
    {url = "https://files.pythonhosted.org/packages/64/41/284783f1014685201e447ea976e85fed0e351f5debbaf3ee6d7645521f1d/numpy-1.26.2-cp310-cp310-manylinux_2_17_x86_64.manylinux2014_x86_64.whl", hash = "sha256:bcc008217145b3d77abd3e4d5ef586e3bdfba8fe17940769f8aa09b99e856c00"},
    {url = "https://files.pythonhosted.org/packages/6c/89/0ef844673002e08444881bff4b6d2a940fbce934d8cd431aa76c8e46e42a/numpy-1.26.2-cp310-cp310-musllinux_1_1_x86_64.whl", hash = "sha256:b272d4cecc32c9e19911891446b72e986157e6a1809b7b56518b4f3755267523"},
    {url = "https://files.pythonhosted.org/packages/76/ac/dea2939dfc3c591a2494121669455fd7d049248ef284c9542904ddbe05d5/numpy-1.26.2-cp310-cp310-macosx_10_9_x86_64.whl", hash = "sha256:3703fc9258a4a122d17043e57b35e5ef1c5a5837c3db8be396c82e04c1cf9b0f"},
    {url = "https://files.pythonhosted.org/packages/81/65/abb5808f13e96145b691bfe75cd8c4b7a94a6acfc5db0e8111ea17015675/numpy-1.26.2-cp311-cp311-musllinux_1_1_aarch64.whl", hash = "sha256:854ab91a2906ef29dc3925a064fcd365c7b4da743f84b123002f6139bcb3f8a7"},
    {url = "https://files.pythonhosted.org/packages/87/8c/1c5a2bbfb55e4ff35f9c30933e8816b188de3cc3e2eaf9304906991984a9/numpy-1.26.2-pp39-pypy39_pp73-manylinux_2_17_x86_64.manylinux2014_x86_64.whl", hash = "sha256:94cc3c222bb9fb5a12e334d0479b97bb2df446fbe622b470928f5284ffca3f8d"},
    {url = "https://files.pythonhosted.org/packages/8c/9f/2f5c6b5f63cf006e6190bf750ade791d1fee353bab654bbde2f83a3ab92e/numpy-1.26.2-cp312-cp312-musllinux_1_1_x86_64.whl", hash = "sha256:f79b231bf5c16b1f39c7f4875e1ded36abee1591e98742b05d8a0fb55d8a3eec"},
    {url = "https://files.pythonhosted.org/packages/8f/17/106fbd94a661c3dbbb2a888a8b6624405c9aa44720d90683ba1c559a8de4/numpy-1.26.2-cp39-cp39-musllinux_1_1_x86_64.whl", hash = "sha256:b361d369fc7e5e1714cf827b731ca32bff8d411212fccd29ad98ad622449cc36"},
    {url = "https://files.pythonhosted.org/packages/97/94/002acbb61f9cca0069e6854c04b893d8a7bc44130a4c333a497b23a399da/numpy-1.26.2-cp39-cp39-win32.whl", hash = "sha256:bd3f0091e845164a20bd5a326860c840fe2af79fa12e0469a12768a3ec578d80"},
    {url = "https://files.pythonhosted.org/packages/a1/42/a2819c5b77fe6506662ffc13b767e0c216c02f75ae840219013ab822a473/numpy-1.26.2-cp312-cp312-manylinux_2_17_aarch64.manylinux2014_aarch64.whl", hash = "sha256:6a3cdb4d9c70e6b8c0814239ead47da00934666f668426fc6e94cce869e13fd7"},
    {url = "https://files.pythonhosted.org/packages/ac/6b/ea1405e449059f1e2be85f55d025598c11375c8d64cdf763506b22c244ab/numpy-1.26.2-cp311-cp311-win32.whl", hash = "sha256:a2bbc29fcb1771cd7b7425f98b05307776a6baf43035d3b80c4b0f29e9545186"},
    {url = "https://files.pythonhosted.org/packages/b1/97/6694e0855b11be0fd8598d484c09edd876ec738a8741025dee072f026c33/numpy-1.26.2-cp312-cp312-macosx_10_9_x86_64.whl", hash = "sha256:a4cd6ed4a339c21f1d1b0fdf13426cb3b284555c27ac2f156dfdaaa7e16bfab0"},
    {url = "https://files.pythonhosted.org/packages/b1/c0/563ef35266a30adfb9801bd1b366bc4f67ff9cfed5e707ae2831b3f6a27c/numpy-1.26.2-cp39-cp39-macosx_10_9_x86_64.whl", hash = "sha256:4eb8df4bf8d3d90d091e0146f6c28492b0be84da3e409ebef54349f71ed271ef"},
    {url = "https://files.pythonhosted.org/packages/b6/ab/5b893944b1602a366893559bfb227fdfb3ad7c7629b2a80d039bb5924367/numpy-1.26.2-cp311-cp311-manylinux_2_17_x86_64.manylinux2014_x86_64.whl", hash = "sha256:96ca5482c3dbdd051bcd1fce8034603d6ebfc125a7bd59f55b40d8f5d246832b"},
    {url = "https://files.pythonhosted.org/packages/b9/f0/01a7dade8233e6f3c380e2b271aedc98dd1902363661adfb8ab4364c5629/numpy-1.26.2-cp310-cp310-musllinux_1_1_aarch64.whl", hash = "sha256:3ced40d4e9e18242f70dd02d739e44698df3dcb010d31f495ff00a31ef6014fe"},
    {url = "https://files.pythonhosted.org/packages/da/3c/3ff05c2855eee52588f489a4e607e4a61699a0742aa03ccf641c77f9eb0a/numpy-1.26.2-cp311-cp311-win_amd64.whl", hash = "sha256:2b3fca8a5b00184828d12b073af4d0fc5fdd94b1632c2477526f6bd7842d700d"},
    {url = "https://files.pythonhosted.org/packages/dd/2b/205ddff2314d4eea852e31d53b8e55eb3f32b292efc3dd86bd827ab9019d/numpy-1.26.2.tar.gz", hash = "sha256:f65738447676ab5777f11e6bbbdb8ce11b785e105f690bc45966574816b6d3ea"},
    {url = "https://files.pythonhosted.org/packages/ed/09/433eadf9e1ea99e44011139395fcb01d236a674628e9ebacb079bf512622/numpy-1.26.2-cp39-cp39-musllinux_1_1_aarch64.whl", hash = "sha256:d73a3abcac238250091b11caef9ad12413dab01669511779bc9b29261dd50210"},
    {url = "https://files.pythonhosted.org/packages/f1/97/51eb4aa087e95138477e2140b17cd795fb379b1669432413dfad68f535c1/numpy-1.26.2-cp311-cp311-manylinux_2_17_aarch64.manylinux2014_aarch64.whl", hash = "sha256:06fa1ed84aa60ea6ef9f91ba57b5ed963c3729534e6e54055fc151fad0423f0a"},
    {url = "https://files.pythonhosted.org/packages/fb/91/17cea405f20865b0dce6f99dde5446b138e92111e140cde14933d433d69a/numpy-1.26.2-pp39-pypy39_pp73-macosx_10_9_x86_64.whl", hash = "sha256:1cc3d5029a30fb5f06704ad6b23b35e11309491c999838c31f124fee32107c79"},
]
"parse 1.20.0" = [
    {url = "https://files.pythonhosted.org/packages/27/da/2c9c45c3cca6ef6ebf8b4974bf211b523ad8064a315448372f3088a2193e/parse-1.20.0-py2.py3-none-any.whl", hash = "sha256:5e171b001452fa9f004c5a58a93525175468daf69b493e9fa915347ed7ff6968"},
    {url = "https://files.pythonhosted.org/packages/c4/69/5d4f4e827bdff9682327cdd696abadf55d311ab94724282e99a34a736d51/parse-1.20.0.tar.gz", hash = "sha256:bd28bae37714b45d5894d77160a16e2be36b64a3b618c81168b3684676aa498b"},
]
"pebble 5.0.4" = [
    {url = "https://files.pythonhosted.org/packages/9e/77/a8b95a5467d9cd788aa39a134fbc7e6b9fcadba192be78f3f0e53e7a3788/Pebble-5.0.4-py3-none-any.whl", hash = "sha256:b594505a6bf79ecec834abb2eb218bfc98f08b9d4d7cc3b61883eaf0d3e4b881"},
    {url = "https://files.pythonhosted.org/packages/e1/8d/b315c11eba0d1cc4cdf5550623388a7a538afa66ecf97e2bcf66d9faf800/Pebble-5.0.4.tar.gz", hash = "sha256:6f7adf2bded4414bdd3562d5f4d567bd94ff101e726aff878a66575bc99c122b"},
]
"setuptools 69.0.2" = [
    {url = "https://files.pythonhosted.org/packages/4b/d9/d0cf66484b7e28a9c42db7e3929caed46f8b80478cd8c9bd38b7be059150/setuptools-69.0.2.tar.gz", hash = "sha256:735896e78a4742605974de002ac60562d286fa8051a7e2299445e8e8fbb01aa6"},
    {url = "https://files.pythonhosted.org/packages/bb/e1/ed2dd0850446b8697ad28d118df885ad04140c64ace06c4bd559f7c8a94f/setuptools-69.0.2-py3-none-any.whl", hash = "sha256:1e8fdff6797d3865f37397be788a4e3cba233608e9b509382a2777d25ebde7f2"},
]
"soupsieve 2.5" = [
    {url = "https://files.pythonhosted.org/packages/4c/f3/038b302fdfbe3be7da016777069f26ceefe11a681055ea1f7817546508e3/soupsieve-2.5-py3-none-any.whl", hash = "sha256:eaa337ff55a1579b6549dc679565eac1e3d000563bcb1c8ab0d0fefbc0c2cdc7"},
    {url = "https://files.pythonhosted.org/packages/ce/21/952a240de1c196c7e3fbcd4e559681f0419b1280c617db21157a0390717b/soupsieve-2.5.tar.gz", hash = "sha256:5663d5a7b3bfaeee0bc4372e7fc48f9cff4940b3eec54a6451cc5299f1097690"},
]
"tzdata 2023.3" = [
    {url = "https://files.pythonhosted.org/packages/70/e5/81f99b9fced59624562ab62a33df639a11b26c582be78864b339dafa420d/tzdata-2023.3.tar.gz", hash = "sha256:11ef1e08e54acb0d4f95bdb1be05da659673de4acbd21bf9c69e94cc5e907a3a"},
    {url = "https://files.pythonhosted.org/packages/d5/fb/a79efcab32b8a1f1ddca7f35109a50e4a80d42ac1c9187ab46522b2407d7/tzdata-2023.3-py2.py3-none-any.whl", hash = "sha256:7e65763eef3120314099b6939b5546db7adce1e7d6f2e179e3df563c70511eda"},
]
"urllib3 2.1.0" = [
    {url = "https://files.pythonhosted.org/packages/36/dd/a6b232f449e1bc71802a5b7950dc3675d32c6dbc2a1bd6d71f065551adb6/urllib3-2.1.0.tar.gz", hash = "sha256:df7aa8afb0148fa78488e7899b2c59b5f4ffcfa82e6c54ccb9dd37c1d7b52d54"},
    {url = "https://files.pythonhosted.org/packages/96/94/c31f58c7a7f470d5665935262ebd7455c7e4c7782eb525658d3dbf4b9403/urllib3-2.1.0-py3-none-any.whl", hash = "sha256:55901e917a5896a349ff771be919f8bd99aff50b79fe58fec595eb37bbc56bb3"},
]
